
Microsoft Visual Studio Solution File, Format Version 12.00
# Visual Studio Version 17
VisualStudioVersion = 17.5.002.0
MinimumVisualStudioVersion = 10.0.40219.1
Project("{2150E333-8FDC-42A3-9474-1A3956D46DE8}") = "Projects", "Projects", "{EAE461A3-0B90-4EBA-9066-42B42ADC04A3}"
EndProject
Project("{FAE04EC0-301F-11D3-BF4B-00C04F79EFBC}") = "HFFCompetitionAPI.Timing", "Projects\HFFCompetitionAPI.Timing\HFFCompetitionAPI.Timing.csproj", "{39D0CCD9-2986-4E16-BF0F-6ADDA3291F8A}"
EndProject
Global
	GlobalSection(SolutionProperties) = preSolution
		HideSolutionNode = FALSE
	EndGlobalSection
	GlobalSection(ExtensibilityGlobals) = postSolution
		SolutionGuid = {BC545A13-BEF3-422C-A9E7-B2FACED25D5F}
	EndGlobalSection
	GlobalSection(SolutionConfigurationPlatforms) = preSolution
		Debug|Any CPU = Debug|Any CPU
		Debug|x64 = Debug|x64
		Debug|x86 = Debug|x86
		Release|Any CPU = Release|Any CPU
		Release|x64 = Release|x64
		Release|x86 = Release|x86
	EndGlobalSection
	GlobalSection(ProjectConfigurationPlatforms) = postSolution
		{39D0CCD9-2986-4E16-BF0F-6ADDA3291F8A}.Debug|Any CPU.ActiveCfg = Debug|Any CPU
		{39D0CCD9-2986-4E16-BF0F-6ADDA3291F8A}.Debug|Any CPU.Build.0 = Debug|Any CPU
		{39D0CCD9-2986-4E16-BF0F-6ADDA3291F8A}.Debug|x64.ActiveCfg = Debug|Any CPU
		{39D0CCD9-2986-4E16-BF0F-6ADDA3291F8A}.Debug|x64.Build.0 = Debug|Any CPU
		{39D0CCD9-2986-4E16-BF0F-6ADDA3291F8A}.Debug|x86.ActiveCfg = Debug|Any CPU
		{39D0CCD9-2986-4E16-BF0F-6ADDA3291F8A}.Debug|x86.Build.0 = Debug|Any CPU
		{39D0CCD9-2986-4E16-BF0F-6ADDA3291F8A}.Release|Any CPU.ActiveCfg = Release|Any CPU
		{39D0CCD9-2986-4E16-BF0F-6ADDA3291F8A}.Release|Any CPU.Build.0 = Release|Any CPU
		{39D0CCD9-2986-4E16-BF0F-6ADDA3291F8A}.Release|x64.ActiveCfg = Release|Any CPU
		{39D0CCD9-2986-4E16-BF0F-6ADDA3291F8A}.Release|x64.Build.0 = Release|Any CPU
		{39D0CCD9-2986-4E16-BF0F-6ADDA3291F8A}.Release|x86.ActiveCfg = Release|Any CPU
		{39D0CCD9-2986-4E16-BF0F-6ADDA3291F8A}.Release|x86.Build.0 = Release|Any CPU
	EndGlobalSection
	GlobalSection(NestedProjects) = preSolution
		{39D0CCD9-2986-4E16-BF0F-6ADDA3291F8A} = {EAE461A3-0B90-4EBA-9066-42B42ADC04A3}
	EndGlobalSection
EndGlobal
