
Microsoft Visual Studio Solution File, Format Version 12.00
# Visual Studio Version 17
VisualStudioVersion = 17.5.002.0
MinimumVisualStudioVersion = 10.0.40219.1
Project("{2150E333-8FDC-42A3-9474-1A3956D46DE8}") = "source", "source", "{3FC56FE4-13DF-486A-9BA9-75D966C80A62}"
EndProject
Project("{FAE04EC0-301F-11D3-BF4B-00C04F79EFBC}") = "Timing", "source\Timing\Timing.csproj", "{780717BB-288F-4C42-8BD0-16713BB38899}"
EndProject
Project("{FAE04EC0-301F-11D3-BF4B-00C04F79EFBC}") = "LangFeatureBackport", "source\LangFeatureBackport\LangFeatureBackport.csproj", "{6A336851-2B21-4A32-8553-C8AD07EA4B3D}"
EndProject
Project("{FAE04EC0-301F-11D3-BF4B-00C04F79EFBC}") = "HFFTournamentAPI", "source\HFFTournamentAPI\HFFTournamentAPI.csproj", "{FEDE0CFE-3662-434B-8E38-597A1911FF4C}"
EndProject
Project("{FAE04EC0-301F-11D3-BF4B-00C04F79EFBC}") = "SubModules", "source\SubModules\SubModules.csproj", "{9F07DADE-C7C9-4461-99E0-BB17DC946ADD}"
EndProject
Global
	GlobalSection(SolutionConfigurationPlatforms) = preSolution
		Debug|Any CPU = Debug|Any CPU
		Debug|x64 = Debug|x64
		Debug|x86 = Debug|x86
		Release|Any CPU = Release|Any CPU
		Release|x64 = Release|x64
		Release|x86 = Release|x86
	EndGlobalSection
	GlobalSection(ProjectConfigurationPlatforms) = postSolution
		{780717BB-288F-4C42-8BD0-16713BB38899}.Debug|Any CPU.ActiveCfg = Debug|Any CPU
		{780717BB-288F-4C42-8BD0-16713BB38899}.Debug|Any CPU.Build.0 = Debug|Any CPU
		{780717BB-288F-4C42-8BD0-16713BB38899}.Debug|x64.ActiveCfg = Debug|Any CPU
		{780717BB-288F-4C42-8BD0-16713BB38899}.Debug|x64.Build.0 = Debug|Any CPU
		{780717BB-288F-4C42-8BD0-16713BB38899}.Debug|x86.ActiveCfg = Debug|Any CPU
		{780717BB-288F-4C42-8BD0-16713BB38899}.Debug|x86.Build.0 = Debug|Any CPU
		{780717BB-288F-4C42-8BD0-16713BB38899}.Release|Any CPU.ActiveCfg = Release|Any CPU
		{780717BB-288F-4C42-8BD0-16713BB38899}.Release|Any CPU.Build.0 = Release|Any CPU
		{780717BB-288F-4C42-8BD0-16713BB38899}.Release|x64.ActiveCfg = Release|Any CPU
		{780717BB-288F-4C42-8BD0-16713BB38899}.Release|x64.Build.0 = Release|Any CPU
		{780717BB-288F-4C42-8BD0-16713BB38899}.Release|x86.ActiveCfg = Release|Any CPU
		{780717BB-288F-4C42-8BD0-16713BB38899}.Release|x86.Build.0 = Release|Any CPU
		{6A336851-2B21-4A32-8553-C8AD07EA4B3D}.Debug|Any CPU.ActiveCfg = Debug|Any CPU
		{6A336851-2B21-4A32-8553-C8AD07EA4B3D}.Debug|Any CPU.Build.0 = Debug|Any CPU
		{6A336851-2B21-4A32-8553-C8AD07EA4B3D}.Debug|x64.ActiveCfg = Debug|Any CPU
		{6A336851-2B21-4A32-8553-C8AD07EA4B3D}.Debug|x64.Build.0 = Debug|Any CPU
		{6A336851-2B21-4A32-8553-C8AD07EA4B3D}.Debug|x86.ActiveCfg = Debug|Any CPU
		{6A336851-2B21-4A32-8553-C8AD07EA4B3D}.Debug|x86.Build.0 = Debug|Any CPU
		{6A336851-2B21-4A32-8553-C8AD07EA4B3D}.Release|Any CPU.ActiveCfg = Release|Any CPU
		{6A336851-2B21-4A32-8553-C8AD07EA4B3D}.Release|Any CPU.Build.0 = Release|Any CPU
		{6A336851-2B21-4A32-8553-C8AD07EA4B3D}.Release|x64.ActiveCfg = Release|Any CPU
		{6A336851-2B21-4A32-8553-C8AD07EA4B3D}.Release|x64.Build.0 = Release|Any CPU
		{6A336851-2B21-4A32-8553-C8AD07EA4B3D}.Release|x86.ActiveCfg = Release|Any CPU
		{6A336851-2B21-4A32-8553-C8AD07EA4B3D}.Release|x86.Build.0 = Release|Any CPU
		{FEDE0CFE-3662-434B-8E38-597A1911FF4C}.Debug|Any CPU.ActiveCfg = Debug|Any CPU
		{FEDE0CFE-3662-434B-8E38-597A1911FF4C}.Debug|Any CPU.Build.0 = Debug|Any CPU
		{FEDE0CFE-3662-434B-8E38-597A1911FF4C}.Debug|x64.ActiveCfg = Debug|Any CPU
		{FEDE0CFE-3662-434B-8E38-597A1911FF4C}.Debug|x64.Build.0 = Debug|Any CPU
		{FEDE0CFE-3662-434B-8E38-597A1911FF4C}.Debug|x86.ActiveCfg = Debug|Any CPU
		{FEDE0CFE-3662-434B-8E38-597A1911FF4C}.Debug|x86.Build.0 = Debug|Any CPU
		{FEDE0CFE-3662-434B-8E38-597A1911FF4C}.Release|Any CPU.ActiveCfg = Release|Any CPU
		{FEDE0CFE-3662-434B-8E38-597A1911FF4C}.Release|Any CPU.Build.0 = Release|Any CPU
		{FEDE0CFE-3662-434B-8E38-597A1911FF4C}.Release|x64.ActiveCfg = Release|Any CPU
		{FEDE0CFE-3662-434B-8E38-597A1911FF4C}.Release|x64.Build.0 = Release|Any CPU
		{FEDE0CFE-3662-434B-8E38-597A1911FF4C}.Release|x86.ActiveCfg = Release|Any CPU
		{FEDE0CFE-3662-434B-8E38-597A1911FF4C}.Release|x86.Build.0 = Release|Any CPU
		{9F07DADE-C7C9-4461-99E0-BB17DC946ADD}.Debug|Any CPU.ActiveCfg = Debug|Any CPU
		{9F07DADE-C7C9-4461-99E0-BB17DC946ADD}.Debug|Any CPU.Build.0 = Debug|Any CPU
		{9F07DADE-C7C9-4461-99E0-BB17DC946ADD}.Debug|x64.ActiveCfg = Debug|Any CPU
		{9F07DADE-C7C9-4461-99E0-BB17DC946ADD}.Debug|x64.Build.0 = Debug|Any CPU
		{9F07DADE-C7C9-4461-99E0-BB17DC946ADD}.Debug|x86.ActiveCfg = Debug|Any CPU
		{9F07DADE-C7C9-4461-99E0-BB17DC946ADD}.Debug|x86.Build.0 = Debug|Any CPU
		{9F07DADE-C7C9-4461-99E0-BB17DC946ADD}.Release|Any CPU.ActiveCfg = Release|Any CPU
		{9F07DADE-C7C9-4461-99E0-BB17DC946ADD}.Release|Any CPU.Build.0 = Release|Any CPU
		{9F07DADE-C7C9-4461-99E0-BB17DC946ADD}.Release|x64.ActiveCfg = Release|Any CPU
		{9F07DADE-C7C9-4461-99E0-BB17DC946ADD}.Release|x64.Build.0 = Release|Any CPU
		{9F07DADE-C7C9-4461-99E0-BB17DC946ADD}.Release|x86.ActiveCfg = Release|Any CPU
		{9F07DADE-C7C9-4461-99E0-BB17DC946ADD}.Release|x86.Build.0 = Release|Any CPU
	EndGlobalSection
	GlobalSection(NestedProjects) = preSolution
		{780717BB-288F-4C42-8BD0-16713BB38899} = {3FC56FE4-13DF-486A-9BA9-75D966C80A62}
		{6A336851-2B21-4A32-8553-C8AD07EA4B3D} = {3FC56FE4-13DF-486A-9BA9-75D966C80A62}
		{FEDE0CFE-3662-434B-8E38-597A1911FF4C} = {3FC56FE4-13DF-486A-9BA9-75D966C80A62}
		{9F07DADE-C7C9-4461-99E0-BB17DC946ADD} = {3FC56FE4-13DF-486A-9BA9-75D966C80A62}
	EndGlobalSection
EndGlobal
